
Microsoft Visual Studio Solution File, Format Version 12.00
# Visual Studio Version 17
VisualStudioVersion = 17.3.32819.101
MinimumVisualStudioVersion = 10.0.40219.1
Project("{FAE04EC0-301F-11D3-BF4B-00C04F79EFBC}") = "ProyectoHogarDulceCorazonJoelGramajo", "ProyectoHogarDulceCorazonJoelGramajo.csproj", "{BAC8B274-5993-40E7-8CEE-536A74FED3C2}"
EndProject
Global
	GlobalSection(SolutionConfigurationPlatforms) = preSolution
		Debug|Any CPU = Debug|Any CPU
		Release|Any CPU = Release|Any CPU
	EndGlobalSection
	GlobalSection(ProjectConfigurationPlatforms) = postSolution
		{BAC8B274-5993-40E7-8CEE-536A74FED3C2}.Debug|Any CPU.ActiveCfg = Debug|Any CPU
		{BAC8B274-5993-40E7-8CEE-536A74FED3C2}.Debug|Any CPU.Build.0 = Debug|Any CPU
		{BAC8B274-5993-40E7-8CEE-536A74FED3C2}.Release|Any CPU.ActiveCfg = Release|Any CPU
		{BAC8B274-5993-40E7-8CEE-536A74FED3C2}.Release|Any CPU.Build.0 = Release|Any CPU
	EndGlobalSection
	GlobalSection(SolutionProperties) = preSolution
		HideSolutionNode = FALSE
	EndGlobalSection
	GlobalSection(ExtensibilityGlobals) = postSolution
		SolutionGuid = {D2B58707-E550-4013-9759-69290817A0D6}
	EndGlobalSection
EndGlobal
